
Microsoft Visual Studio Solution File, Format Version 12.00
# Visual Studio Version 17
VisualStudioVersion = 17.9.34607.119
MinimumVisualStudioVersion = 10.0.40219.1
Project("{FAE04EC0-301F-11D3-BF4B-00C04F79EFBC}") = "NakaScript", "NakaScript.csproj", "{FC00C8F5-C382-4CFE-B08A-63025DA7C391}"
EndProject
Global
	GlobalSection(SolutionConfigurationPlatforms) = preSolution
		Debug|Any CPU = Debug|Any CPU
		Release|Any CPU = Release|Any CPU
	EndGlobalSection
	GlobalSection(ProjectConfigurationPlatforms) = postSolution
		{FC00C8F5-C382-4CFE-B08A-63025DA7C391}.Debug|Any CPU.ActiveCfg = Debug|Any CPU
		{FC00C8F5-C382-4CFE-B08A-63025DA7C391}.Debug|Any CPU.Build.0 = Debug|Any CPU
		{FC00C8F5-C382-4CFE-B08A-63025DA7C391}.Release|Any CPU.ActiveCfg = Release|Any CPU
		{FC00C8F5-C382-4CFE-B08A-63025DA7C391}.Release|Any CPU.Build.0 = Release|Any CPU
	EndGlobalSection
	GlobalSection(SolutionProperties) = preSolution
		HideSolutionNode = FALSE
	EndGlobalSection
	GlobalSection(ExtensibilityGlobals) = postSolution
		SolutionGuid = {E307882E-FB51-4F72-8933-7D743B17E7DE}
	EndGlobalSection
EndGlobal
